
Microsoft Visual Studio Solution File, Format Version 12.00
# Visual Studio Version 17
VisualStudioVersion = 17.5.33502.453
MinimumVisualStudioVersion = 10.0.40219.1
Project("{F184B08F-C81C-45F6-A57F-5ABD9991F28F}") = "test2545", "test2545.vbproj", "{CF196620-A79C-40F1-94E0-5788BABBCADC}"
EndProject
Global
	GlobalSection(SolutionConfigurationPlatforms) = preSolution
		Debug|Any CPU = Debug|Any CPU
		Release|Any CPU = Release|Any CPU
	EndGlobalSection
	GlobalSection(ProjectConfigurationPlatforms) = postSolution
		{CF196620-A79C-40F1-94E0-5788BABBCADC}.Debug|Any CPU.ActiveCfg = Debug|Any CPU
		{CF196620-A79C-40F1-94E0-5788BABBCADC}.Debug|Any CPU.Build.0 = Debug|Any CPU
		{CF196620-A79C-40F1-94E0-5788BABBCADC}.Release|Any CPU.ActiveCfg = Release|Any CPU
		{CF196620-A79C-40F1-94E0-5788BABBCADC}.Release|Any CPU.Build.0 = Release|Any CPU
	EndGlobalSection
	GlobalSection(SolutionProperties) = preSolution
		HideSolutionNode = FALSE
	EndGlobalSection
	GlobalSection(ExtensibilityGlobals) = postSolution
		SolutionGuid = {01366A11-5D95-4AE9-A6B9-EDB7D2B1B599}
	EndGlobalSection
EndGlobal
