
Microsoft Visual Studio Solution File, Format Version 12.00
# Visual Studio Version 17
VisualStudioVersion = 17.5.33502.453
MinimumVisualStudioVersion = 10.0.40219.1
Project("{F184B08F-C81C-45F6-A57F-5ABD9991F28F}") = "Lab2", "Lab2\Lab2.vbproj", "{BDF03125-C07E-4CF2-AE71-F94F14291157}"
EndProject
Global
	GlobalSection(SolutionConfigurationPlatforms) = preSolution
		Debug|Any CPU = Debug|Any CPU
		Release|Any CPU = Release|Any CPU
	EndGlobalSection
	GlobalSection(ProjectConfigurationPlatforms) = postSolution
		{BDF03125-C07E-4CF2-AE71-F94F14291157}.Debug|Any CPU.ActiveCfg = Debug|Any CPU
		{BDF03125-C07E-4CF2-AE71-F94F14291157}.Debug|Any CPU.Build.0 = Debug|Any CPU
		{BDF03125-C07E-4CF2-AE71-F94F14291157}.Release|Any CPU.ActiveCfg = Release|Any CPU
		{BDF03125-C07E-4CF2-AE71-F94F14291157}.Release|Any CPU.Build.0 = Release|Any CPU
	EndGlobalSection
	GlobalSection(SolutionProperties) = preSolution
		HideSolutionNode = FALSE
	EndGlobalSection
	GlobalSection(ExtensibilityGlobals) = postSolution
		SolutionGuid = {2AB55844-81AD-4858-A112-B0A801794176}
	EndGlobalSection
EndGlobal
