
Microsoft Visual Studio Solution File, Format Version 12.00
# Visual Studio Version 17
VisualStudioVersion = 17.5.33502.453
MinimumVisualStudioVersion = 10.0.40219.1
Project("{F184B08F-C81C-45F6-A57F-5ABD9991F28F}") = "ConVB", "ConVB.vbproj", "{9D730E67-46B4-4940-BF52-4627D09D4042}"
EndProject
Global
	GlobalSection(SolutionConfigurationPlatforms) = preSolution
		Debug|Any CPU = Debug|Any CPU
		Release|Any CPU = Release|Any CPU
	EndGlobalSection
	GlobalSection(ProjectConfigurationPlatforms) = postSolution
		{9D730E67-46B4-4940-BF52-4627D09D4042}.Debug|Any CPU.ActiveCfg = Debug|Any CPU
		{9D730E67-46B4-4940-BF52-4627D09D4042}.Debug|Any CPU.Build.0 = Debug|Any CPU
		{9D730E67-46B4-4940-BF52-4627D09D4042}.Release|Any CPU.ActiveCfg = Release|Any CPU
		{9D730E67-46B4-4940-BF52-4627D09D4042}.Release|Any CPU.Build.0 = Release|Any CPU
	EndGlobalSection
	GlobalSection(SolutionProperties) = preSolution
		HideSolutionNode = FALSE
	EndGlobalSection
	GlobalSection(ExtensibilityGlobals) = postSolution
		SolutionGuid = {5F821934-F316-4962-A1C7-0F71FB491D6C}
	EndGlobalSection
EndGlobal
